
Microsoft Visual Studio Solution File, Format Version 12.00
# Visual Studio Version 17
VisualStudioVersion = 17.14.36623.8
MinimumVisualStudioVersion = 10.0.40219.1
Project("{FAE04EC0-301F-11D3-BF4B-00C04F79EFBC}") = "Demo Entertainment Company Backend API", "Demo Entertainment Company Backend API\Demo Entertainment Company Backend API.csproj", "{BB0481FF-26C6-4860-80D1-7794CAA86B95}"
EndProject
Project("{FAE04EC0-301F-11D3-BF4B-00C04F79EFBC}") = "Demo Entertainment Company Backend API Unit Tests", "Demo Entertainment Company Backend API Unit Tests\Demo Entertainment Company Backend API Unit Tests.csproj", "{493F02D0-F6B7-4521-B3FF-016C0CA2D6A3}"
EndProject
Global
	GlobalSection(SolutionConfigurationPlatforms) = preSolution
		Debug|Any CPU = Debug|Any CPU
		Release|Any CPU = Release|Any CPU
	EndGlobalSection
	GlobalSection(ProjectConfigurationPlatforms) = postSolution
		{BB0481FF-26C6-4860-80D1-7794CAA86B95}.Debug|Any CPU.ActiveCfg = Debug|Any CPU
		{BB0481FF-26C6-4860-80D1-7794CAA86B95}.Debug|Any CPU.Build.0 = Debug|Any CPU
		{BB0481FF-26C6-4860-80D1-7794CAA86B95}.Release|Any CPU.ActiveCfg = Release|Any CPU
		{BB0481FF-26C6-4860-80D1-7794CAA86B95}.Release|Any CPU.Build.0 = Release|Any CPU
		{493F02D0-F6B7-4521-B3FF-016C0CA2D6A3}.Debug|Any CPU.ActiveCfg = Debug|Any CPU
		{493F02D0-F6B7-4521-B3FF-016C0CA2D6A3}.Debug|Any CPU.Build.0 = Debug|Any CPU
		{493F02D0-F6B7-4521-B3FF-016C0CA2D6A3}.Release|Any CPU.ActiveCfg = Release|Any CPU
		{493F02D0-F6B7-4521-B3FF-016C0CA2D6A3}.Release|Any CPU.Build.0 = Release|Any CPU
	EndGlobalSection
	GlobalSection(SolutionProperties) = preSolution
		HideSolutionNode = FALSE
	EndGlobalSection
	GlobalSection(ExtensibilityGlobals) = postSolution
		SolutionGuid = {BDF461AF-16DE-47C2-A9AC-03C0B8E355E4}
	EndGlobalSection
EndGlobal
